schema: '2.0'
stages:
  data_cleaning:
    cmd: python src/data/data_cleaning.py
    deps:
    - path: data/raw/swiggy.csv
      hash: md5
      md5: 0b050b37dfe6cfbfaa18d7cb4e454377
      size: 7772212
    - path: src/data/data_cleaning.py
      hash: md5
      md5: f5ad421aafd57c91a1366fef5b226570
      size: 9519
    outs:
    - path: data/cleaned/swiggy_cleaned.csv
      hash: md5
      md5: 4918716e52fc57babdcd400dfb3c3f29
      size: 4508527
  data_preparation:
    cmd: python src/data/data_preparation.py
    deps:
    - path: data/cleaned/swiggy_cleaned.csv
      hash: md5
      md5: 4918716e52fc57babdcd400dfb3c3f29
      size: 4508527
    - path: src/data/data_preparation.py
      hash: md5
      md5: bcb14bcd1be98ef2838b765bb763c309
      size: 3008
    params:
      params.yaml:
        Data_Preparation.random_state: 10
        Data_Preparation.test_size: 0.3
    outs:
    - path: data/interim/test.csv
      hash: md5
      md5: 3dd27b058340bf884bfd0947b283ed15
      size: 1350784
    - path: data/interim/train.csv
      hash: md5
      md5: b5cf3d4bd9a639a9064b2d4e7a895b29
      size: 3154785
  data_preprocessing:
    cmd: python src/features/data_preprocessing.py
    deps:
    - path: data/interim/test.csv
      hash: md5
      md5: 3dd27b058340bf884bfd0947b283ed15
      size: 1350784
    - path: data/interim/train.csv
      hash: md5
      md5: b5cf3d4bd9a639a9064b2d4e7a895b29
      size: 3154785
    - path: src/features/data_preprocessing.py
      hash: md5
      md5: f4d8f18efa2d94caef775e4781705204
      size: 6662
    outs:
    - path: data/processed/test_trans.csv
      hash: md5
      md5: 9e56706e133c619f5cb4bb225d65fb0c
      size: 1619859
    - path: data/processed/train_trans.csv
      hash: md5
      md5: 2b46f6bdfd165400363f870c445beabd
      size: 3798874
    - path: models/preprocessor.joblib
      hash: md5
      md5: e9cb51f0c2c6b6b2415873a50bad0a72
      size: 8284
  train:
    cmd: python src/models/train.py
    deps:
    - path: data/processed/train_trans.csv
      hash: md5
      md5: 2b46f6bdfd165400363f870c445beabd
      size: 3798874
    - path: src/models/train.py
      hash: md5
      md5: b7b69ed8e77672b21bfffc93336aa161
      size: 4910
    params:
      params.yaml:
        Train.LightGBM:
          n_estimators: 154
          max_depth: 27
          learning_rate: 0.22234435854395157
          subsample: 0.7592213724048168
          min_child_weight: 20
          min_split_gain: 0.004604680609280751
          reg_lambda: 97.81002379097947
          n_jobs: -1
        Train.Random_Forest:
          n_estimators: 479
          criterion: squared_error
          max_depth: 17
          max_features: 1
          min_samples_split: 9
          min_samples_leaf: 2
          max_samples: 0.6603673526197066
          verbose: 1
          n_jobs: -1
    outs:
    - path: models/model.joblib
      hash: md5
      md5: 3bf6caaba0200ffdb37c09aa61f914bf
      size: 140585768
    - path: models/power_transformer.joblib
      hash: md5
      md5: ce43099e5945fbe49783a0c97e9f0a18
      size: 837
    - path: models/stacking_regressor.joblib
      hash: md5
      md5: 876ecb49aa6c7f9efae41dc8e2830eb9
      size: 140574234
  evaluation:
    cmd: python src/models/evaluation.py
    deps:
    - path: data/processed/test_trans.csv
      hash: md5
      md5: 9e56706e133c619f5cb4bb225d65fb0c
      size: 1619859
    - path: data/processed/train_trans.csv
      hash: md5
      md5: 2b46f6bdfd165400363f870c445beabd
      size: 3798874
    - path: models/model.joblib
      hash: md5
      md5: 3bf6caaba0200ffdb37c09aa61f914bf
      size: 140585768
    - path: src/models/evaluation.py
      hash: md5
      md5: 8c368f7daeceb487bf046c4a3090e9c8
      size: 6079
    outs:
    - path: run_information.json
      hash: md5
      md5: e3ccb336c58f70c5f1862863b68cb0ea
      size: 220
  register_model:
    cmd: python src/models/register_model.py
    deps:
    - path: run_information.json
      hash: md5
      md5: e3ccb336c58f70c5f1862863b68cb0ea
      size: 220
    - path: src/models/register_model.py
      hash: md5
      md5: 29c56634db213f9ab291cc9bc30c5794
      size: 1963
